
Microsoft Visual Studio Solution File, Format Version 12.00
# Visual Studio Version 16
VisualStudioVersion = 25.0.1703.7
MinimumVisualStudioVersion = 10.0.40219.1
Project("{FAE04EC0-301F-11D3-BF4B-00C04F79EFBC}") = "BankEncapulation", "BankEncapulation\BankEncapulation.csproj", "{0CA6C927-7181-4D70-AF86-99C63B7E26B0}"
EndProject
Global
	GlobalSection(SolutionConfigurationPlatforms) = preSolution
		Debug|Any CPU = Debug|Any CPU
		Release|Any CPU = Release|Any CPU
	EndGlobalSection
	GlobalSection(ProjectConfigurationPlatforms) = postSolution
		{0CA6C927-7181-4D70-AF86-99C63B7E26B0}.Debug|Any CPU.ActiveCfg = Debug|Any CPU
		{0CA6C927-7181-4D70-AF86-99C63B7E26B0}.Debug|Any CPU.Build.0 = Debug|Any CPU
		{0CA6C927-7181-4D70-AF86-99C63B7E26B0}.Release|Any CPU.ActiveCfg = Release|Any CPU
		{0CA6C927-7181-4D70-AF86-99C63B7E26B0}.Release|Any CPU.Build.0 = Release|Any CPU
	EndGlobalSection
	GlobalSection(SolutionProperties) = preSolution
		HideSolutionNode = FALSE
	EndGlobalSection
	GlobalSection(ExtensibilityGlobals) = postSolution
		SolutionGuid = {0A9B2D7E-591E-4E3A-880C-C655371736A3}
	EndGlobalSection
EndGlobal
